
Microsoft Visual Studio Solution File, Format Version 12.00
# Visual Studio Version 17
VisualStudioVersion = 17.8.34330.188
MinimumVisualStudioVersion = 10.0.40219.1
Project("{FAE04EC0-301F-11D3-BF4B-00C04F79EFBC}") = "Mini_Max_Sum", "Mini_Max_Sum\Mini_Max_Sum.csproj", "{8F76FD2E-0F7C-4F9C-AB5B-95C47DC85FB3}"
EndProject
Global
	GlobalSection(SolutionConfigurationPlatforms) = preSolution
		Debug|Any CPU = Debug|Any CPU
		Release|Any CPU = Release|Any CPU
	EndGlobalSection
	GlobalSection(ProjectConfigurationPlatforms) = postSolution
		{8F76FD2E-0F7C-4F9C-AB5B-95C47DC85FB3}.Debug|Any CPU.ActiveCfg = Debug|Any CPU
		{8F76FD2E-0F7C-4F9C-AB5B-95C47DC85FB3}.Debug|Any CPU.Build.0 = Debug|Any CPU
		{8F76FD2E-0F7C-4F9C-AB5B-95C47DC85FB3}.Release|Any CPU.ActiveCfg = Release|Any CPU
		{8F76FD2E-0F7C-4F9C-AB5B-95C47DC85FB3}.Release|Any CPU.Build.0 = Release|Any CPU
	EndGlobalSection
	GlobalSection(SolutionProperties) = preSolution
		HideSolutionNode = FALSE
	EndGlobalSection
	GlobalSection(ExtensibilityGlobals) = postSolution
		SolutionGuid = {E5BFBC78-C243-4427-9064-D1F9EC140053}
	EndGlobalSection
EndGlobal
